
Microsoft Visual Studio Solution File, Format Version 12.00
# Visual Studio Version 17
VisualStudioVersion = 17.14.36511.14 d17.14
MinimumVisualStudioVersion = 10.0.40219.1
Project("{FAE04EC0-301F-11D3-BF4B-00C04F79EFBC}") = "LAB_6", "LAB_6\LAB_6.csproj", "{8933FB93-D0E8-449A-B871-1C593DB14B62}"
EndProject
Global
	GlobalSection(SolutionConfigurationPlatforms) = preSolution
		Debug|Any CPU = Debug|Any CPU
		Release|Any CPU = Release|Any CPU
	EndGlobalSection
	GlobalSection(ProjectConfigurationPlatforms) = postSolution
		{8933FB93-D0E8-449A-B871-1C593DB14B62}.Debug|Any CPU.ActiveCfg = Debug|Any CPU
		{8933FB93-D0E8-449A-B871-1C593DB14B62}.Debug|Any CPU.Build.0 = Debug|Any CPU
		{8933FB93-D0E8-449A-B871-1C593DB14B62}.Release|Any CPU.ActiveCfg = Release|Any CPU
		{8933FB93-D0E8-449A-B871-1C593DB14B62}.Release|Any CPU.Build.0 = Release|Any CPU
	EndGlobalSection
	GlobalSection(SolutionProperties) = preSolution
		HideSolutionNode = FALSE
	EndGlobalSection
	GlobalSection(ExtensibilityGlobals) = postSolution
		SolutionGuid = {B296F6A6-7848-4FD6-9220-C6915BB90C49}
	EndGlobalSection
EndGlobal
